{
    "_readme": [
        "This file locks the dependencies of your project to a known state",
        "Read more about it at https://getcomposer.org/doc/01-basic-usage.md#installing-dependencies",
        "This file is @generated automatically"
    ],
    "content-hash": "c145a0bd8c41e7bf9a5889ae205f76e9",
    "packages": [
        {
            "name": "tigron/skeleton-core",
            "version": "v1.2.1",
            "source": {
                "type": "git",
                "url": "https://github.com/tigron/skeleton-core.git",
                "reference": "026b60d3a545da89b9ecaefd86be7572c795d583"
            },
            "dist": {
                "type": "zip",
                "url": "https://api.github.com/repos/tigron/skeleton-core/zipball/026b60d3a545da89b9ecaefd86be7572c795d583",
                "reference": "026b60d3a545da89b9ecaefd86be7572c795d583",
                "shasum": ""
            },
            "suggest": {
                "tigron/skeleton-template": "*"
            },
            "type": "library",
            "autoload": {
                "psr-4": {
                    "Skeleton\\Core\\": "lib/Skeleton/Core/"
                }
            },
            "notification-url": "https://packagist.org/downloads/",
            "license": [
                "MIT"
            ],
            "authors": [
                {
                    "name": "Tigron BVBA",
                    "email": "support@tigron.be"
                }
            ],
            "description": "Core functionality for Skeleton",
            "time": "2020-10-20T07:07:21+00:00"
        }
    ],
    "packages-dev": [],
    "aliases": [],
    "minimum-stability": "stable",
    "stability-flags": [],
    "prefer-stable": false,
    "prefer-lowest": false,
    "platform": [],
    "platform-dev": [],
    "plugin-api-version": "1.1.0"
}
